
Microsoft Visual Studio Solution File, Format Version 12.00
# Visual Studio Version 17
VisualStudioVersion = 17.10.35122.118
MinimumVisualStudioVersion = 10.0.40219.1
Project("{FAE04EC0-301F-11D3-BF4B-00C04F79EFBC}") = "DesignTimeAdorner", "DesignTimeAdorner\DesignTimeAdorner.csproj", "{C19CF2A2-7DC0-48B2-BDC2-3D1B1F58498E}"
EndProject
Project("{FAE04EC0-301F-11D3-BF4B-00C04F79EFBC}") = "CustomControlLibrary", "CustomControlLibrary\CustomControlLibrary.csproj", "{C0F107D6-BA4F-41F8-81AF-8A31AB8EA74C}"
EndProject
Project("{FAE04EC0-301F-11D3-BF4B-00C04F79EFBC}") = "CustomControlLibrary.DesignTools", "CustomControlLibrary.DesignTools\CustomControlLibrary.DesignTools.csproj", "{D58EBE7E-E44D-41B9-BDD4-9A060B76DE5C}"
EndProject
Global
	GlobalSection(SolutionConfigurationPlatforms) = preSolution
		Debug|Any CPU = Debug|Any CPU
		Release|Any CPU = Release|Any CPU
	EndGlobalSection
	GlobalSection(ProjectConfigurationPlatforms) = postSolution
		{C19CF2A2-7DC0-48B2-BDC2-3D1B1F58498E}.Debug|Any CPU.ActiveCfg = Debug|Any CPU
		{C19CF2A2-7DC0-48B2-BDC2-3D1B1F58498E}.Debug|Any CPU.Build.0 = Debug|Any CPU
		{C19CF2A2-7DC0-48B2-BDC2-3D1B1F58498E}.Release|Any CPU.ActiveCfg = Release|Any CPU
		{C19CF2A2-7DC0-48B2-BDC2-3D1B1F58498E}.Release|Any CPU.Build.0 = Release|Any CPU
		{C0F107D6-BA4F-41F8-81AF-8A31AB8EA74C}.Debug|Any CPU.ActiveCfg = Debug|Any CPU
		{C0F107D6-BA4F-41F8-81AF-8A31AB8EA74C}.Debug|Any CPU.Build.0 = Debug|Any CPU
		{C0F107D6-BA4F-41F8-81AF-8A31AB8EA74C}.Release|Any CPU.ActiveCfg = Release|Any CPU
		{C0F107D6-BA4F-41F8-81AF-8A31AB8EA74C}.Release|Any CPU.Build.0 = Release|Any CPU
		{D58EBE7E-E44D-41B9-BDD4-9A060B76DE5C}.Debug|Any CPU.ActiveCfg = Debug|Any CPU
		{D58EBE7E-E44D-41B9-BDD4-9A060B76DE5C}.Debug|Any CPU.Build.0 = Debug|Any CPU
		{D58EBE7E-E44D-41B9-BDD4-9A060B76DE5C}.Release|Any CPU.ActiveCfg = Release|Any CPU
		{D58EBE7E-E44D-41B9-BDD4-9A060B76DE5C}.Release|Any CPU.Build.0 = Release|Any CPU
	EndGlobalSection
	GlobalSection(SolutionProperties) = preSolution
		HideSolutionNode = FALSE
	EndGlobalSection
	GlobalSection(ExtensibilityGlobals) = postSolution
		SolutionGuid = {59B54F7A-CF2E-414F-96DB-12576E13C733}
	EndGlobalSection
EndGlobal
